
Microsoft Visual Studio Solution File, Format Version 12.00
# Visual Studio Version 17
VisualStudioVersion = 17.5.002.0
MinimumVisualStudioVersion = 10.0.40219.1
Project("{9A19103F-16F7-4668-BE54-9A1E7A4F7556}") = "MaxArray", "MaxArray.csproj", "{0F7482C4-C9AD-4F56-AE91-813A38D6621F}"
EndProject
Global
	GlobalSection(SolutionConfigurationPlatforms) = preSolution
		Debug|Any CPU = Debug|Any CPU
		Release|Any CPU = Release|Any CPU
	EndGlobalSection
	GlobalSection(ProjectConfigurationPlatforms) = postSolution
		{0F7482C4-C9AD-4F56-AE91-813A38D6621F}.Debug|Any CPU.ActiveCfg = Debug|Any CPU
		{0F7482C4-C9AD-4F56-AE91-813A38D6621F}.Debug|Any CPU.Build.0 = Debug|Any CPU
		{0F7482C4-C9AD-4F56-AE91-813A38D6621F}.Release|Any CPU.ActiveCfg = Release|Any CPU
		{0F7482C4-C9AD-4F56-AE91-813A38D6621F}.Release|Any CPU.Build.0 = Release|Any CPU
	EndGlobalSection
	GlobalSection(SolutionProperties) = preSolution
		HideSolutionNode = FALSE
	EndGlobalSection
	GlobalSection(ExtensibilityGlobals) = postSolution
		SolutionGuid = {0ED6F702-7FDB-4951-81E2-EF6BC7DA8CA2}
	EndGlobalSection
EndGlobal
